
Microsoft Visual Studio Solution File, Format Version 12.00
# Visual Studio Version 17
VisualStudioVersion = 17.10.34928.147
MinimumVisualStudioVersion = 10.0.40219.1
Project("{FAE04EC0-301F-11D3-BF4B-00C04F79EFBC}") = "eco_farma_API", "eco_farma_API\eco_farma_API.csproj", "{297CA7DC-397B-4EE8-9666-018F4F9D52A9}"
EndProject
Global
	GlobalSection(SolutionConfigurationPlatforms) = preSolution
		Debug|Any CPU = Debug|Any CPU
		Release|Any CPU = Release|Any CPU
	EndGlobalSection
	GlobalSection(ProjectConfigurationPlatforms) = postSolution
		{297CA7DC-397B-4EE8-9666-018F4F9D52A9}.Debug|Any CPU.ActiveCfg = Debug|Any CPU
		{297CA7DC-397B-4EE8-9666-018F4F9D52A9}.Debug|Any CPU.Build.0 = Debug|Any CPU
		{297CA7DC-397B-4EE8-9666-018F4F9D52A9}.Release|Any CPU.ActiveCfg = Release|Any CPU
		{297CA7DC-397B-4EE8-9666-018F4F9D52A9}.Release|Any CPU.Build.0 = Release|Any CPU
	EndGlobalSection
	GlobalSection(SolutionProperties) = preSolution
		HideSolutionNode = FALSE
	EndGlobalSection
	GlobalSection(ExtensibilityGlobals) = postSolution
		SolutionGuid = {7B6A019C-D21D-4997-9406-06B7C615FAC7}
	EndGlobalSection
EndGlobal
